
Microsoft Visual Studio Solution File, Format Version 12.00
# Visual Studio 15
VisualStudioVersion = 15.0.26430.16
MinimumVisualStudioVersion = 10.0.40219.1
Project("{FAE04EC0-301F-11D3-BF4B-00C04F79EFBC}") = "PortfolioManagerClient", "PortfolioManagerClient\PortfolioManagerClient.csproj", "{DCF98A24-6871-43D7-BAB1-0D00B7A59A01}"
EndProject
Project("{FAE04EC0-301F-11D3-BF4B-00C04F79EFBC}") = "LocalStorage", "LocalStorage\LocalStorage.csproj", "{0A9FDBBC-ABB2-42D9-B3E8-EE4B129F9271}"
EndProject
Global
	GlobalSection(SolutionConfigurationPlatforms) = preSolution
		Debug|Any CPU = Debug|Any CPU
		Release|Any CPU = Release|Any CPU
	EndGlobalSection
	GlobalSection(ProjectConfigurationPlatforms) = postSolution
		{DCF98A24-6871-43D7-BAB1-0D00B7A59A01}.Debug|Any CPU.ActiveCfg = Debug|Any CPU
		{DCF98A24-6871-43D7-BAB1-0D00B7A59A01}.Debug|Any CPU.Build.0 = Debug|Any CPU
		{DCF98A24-6871-43D7-BAB1-0D00B7A59A01}.Release|Any CPU.ActiveCfg = Release|Any CPU
		{DCF98A24-6871-43D7-BAB1-0D00B7A59A01}.Release|Any CPU.Build.0 = Release|Any CPU
		{0A9FDBBC-ABB2-42D9-B3E8-EE4B129F9271}.Debug|Any CPU.ActiveCfg = Debug|Any CPU
		{0A9FDBBC-ABB2-42D9-B3E8-EE4B129F9271}.Debug|Any CPU.Build.0 = Debug|Any CPU
		{0A9FDBBC-ABB2-42D9-B3E8-EE4B129F9271}.Release|Any CPU.ActiveCfg = Release|Any CPU
		{0A9FDBBC-ABB2-42D9-B3E8-EE4B129F9271}.Release|Any CPU.Build.0 = Release|Any CPU
	EndGlobalSection
	GlobalSection(SolutionProperties) = preSolution
		HideSolutionNode = FALSE
	EndGlobalSection
EndGlobal
